# Prisma Migrate lockfile v1

20200913111906-init
20200913120813-init
20200916065729-init
20200916135332-init
20200926070048-init
20200926070837-init
20200928051321-init
20200928070314-init
20200929055324-init
20200929060658-init
20200929061801-init
20201023060652-init
20201028053933-init
20201029051855-init